// !$*UTF8*$!
{
	archiveVersion = 1;
	classes = {
	};
	objectVersion = 54;
	objects = {

/* Begin PBXBuildFile section */
		0C80B921A6F3F58F76C31292 /* libPods-MyApp.a in Frameworks */ = {isa = PBXBuildFile; fileRef = 5DCACB8F33CDC322A6C60F78 /* libPods-MyApp.a */; };
		13B07FBF1A68108700A75B9A /* Images.xcassets in Resources */ = {isa = PBXBuildFile; fileRef = 13B07FB51A68108700A75B9A /* Images.xcassets */; };
		761780ED2CA45674006654EE /* AppDelegate.swift in Sources */ = {isa = PBXBuildFile; fileRef = 761780EC2CA45674006654EE /* AppDelegate.swift */; };
		81AB9BB82411601600AC10FF /* LaunchScreen.storyboard in Resources */ = {isa = PBXBuildFile; fileRef = 81AB9BB72411601600AC10FF /* LaunchScreen.storyboard */; };
		1AA47D631C904BBE9D12F666 /* BootSplash.storyboard in Resources */ = {isa = PBXBuildFile; fileRef = 164D26BB1E574E3C8C7C824C /* BootSplash.storyboard */; };
		9211CCE83E3B4F59BF2B1E05 /* Colors.xcassets in Resources */ = {isa = PBXBuildFile; fileRef = BBBDAFABB24B416CA42BA60B /* Colors.xcassets */; };
		3F265E7FC5E34D0988B9D651 /* BiennaleBlackItRegular.ttf in Resources */ = {isa = PBXBuildFile; fileRef = 4C678981720B4A34922B1A3D /* BiennaleBlackItRegular.ttf */; };
		1062EF9BB1FC4BDC88EB41A1 /* BiennaleBlackRegular.ttf in Resources */ = {isa = PBXBuildFile; fileRef = 1D4E43D8D0E7495491654803 /* BiennaleBlackRegular.ttf */; };
		95A4F8BEF379406B9242C6C9 /* BiennaleBoldItRegular.ttf in Resources */ = {isa = PBXBuildFile; fileRef = F60F27AE21F44D0A9750D1F0 /* BiennaleBoldItRegular.ttf */; };
		8810AF315CFE44989C3B11D9 /* BiennaleBoldRegular.ttf in Resources */ = {isa = PBXBuildFile; fileRef = 0028C60B18BC44C9B34C3A7F /* BiennaleBoldRegular.ttf */; };
		85B9450625D54B9ABCDC8843 /* BiennaleBookItRegular.ttf in Resources */ = {isa = PBXBuildFile; fileRef = 7E8E2588BE394C19BF67CE1D /* BiennaleBookItRegular.ttf */; };
		238B3E98B880449F90951925 /* BiennaleBookRegular.ttf in Resources */ = {isa = PBXBuildFile; fileRef = C3D979E5BC0645B8A52AF456 /* BiennaleBookRegular.ttf */; };
		537175512ACE4EFFB9F538E6 /* BiennaleHairItRegular.ttf in Resources */ = {isa = PBXBuildFile; fileRef = 8F0DCE2455064D5ABE54FF9C /* BiennaleHairItRegular.ttf */; };
		4ABABBA3BB9A4EAB8371FA4D /* BiennaleHairRegular.ttf in Resources */ = {isa = PBXBuildFile; fileRef = CC9ECE7A240446CF8FA3F265 /* BiennaleHairRegular.ttf */; };
		40232A378E5144269CD60C1A /* BiennaleHeavyItRegular.ttf in Resources */ = {isa = PBXBuildFile; fileRef = 144D534FB836440BA99D21A4 /* BiennaleHeavyItRegular.ttf */; };
		79D855116B0B4332ADF5675F /* BiennaleHeavyRegular.ttf in Resources */ = {isa = PBXBuildFile; fileRef = B410B3D458C248DE9D9890C6 /* BiennaleHeavyRegular.ttf */; };
		6D9C663D684C486987B94EE4 /* BiennaleItRegular.ttf in Resources */ = {isa = PBXBuildFile; fileRef = F3ADAFE8C0FA452AA57EB809 /* BiennaleItRegular.ttf */; };
		1E2E0D70BA8746888A9BC2DE /* BiennaleLightItRegular.ttf in Resources */ = {isa = PBXBuildFile; fileRef = 9DC541239D39432596AF2EB7 /* BiennaleLightItRegular.ttf */; };
		C7E8E6930BF84D13BCE7194D /* BiennaleLightRegular.ttf in Resources */ = {isa = PBXBuildFile; fileRef = 19109A16273642E580016DEB /* BiennaleLightRegular.ttf */; };
		852F8D0D9E7B4BBA9D1EC45C /* BiennaleMediumItRegular.ttf in Resources */ = {isa = PBXBuildFile; fileRef = AAED8C73C21D4B5693502783 /* BiennaleMediumItRegular.ttf */; };
		065D4AE65D394BA99BE3D58D /* BiennaleMediumRegular.ttf in Resources */ = {isa = PBXBuildFile; fileRef = E4E6D4C099A04640835D676C /* BiennaleMediumRegular.ttf */; };
		8C443F7B20FE4913BD80A4B9 /* BiennaleRegular.ttf in Resources */ = {isa = PBXBuildFile; fileRef = 17C3D652B5944653B40BB150 /* BiennaleRegular.ttf */; };
		C1CF8B896BA446A38354AE4F /* BiennaleSemiBoldItRegular.ttf in Resources */ = {isa = PBXBuildFile; fileRef = 0FF5BEF4B43142A194697F4A /* BiennaleSemiBoldItRegular.ttf */; };
		7A3701A66F954700940F947F /* BiennaleSemiBoldRegular.ttf in Resources */ = {isa = PBXBuildFile; fileRef = 6C632812C44F45F8850D0AE5 /* BiennaleSemiBoldRegular.ttf */; };
		48A6DACDA850419AB11B0FBE /* BiennaleThinItRegular.ttf in Resources */ = {isa = PBXBuildFile; fileRef = CDCBEB1EA06F4FE198D52FFA /* BiennaleThinItRegular.ttf */; };
		1FB0A3A52BB74A65A3A09151 /* BiennaleThinRegular.ttf in Resources */ = {isa = PBXBuildFile; fileRef = 0C6B714B4E164DDAB7B2500D /* BiennaleThinRegular.ttf */; };
		F6639412153C4A3E8F59872A /* BiennaleUltraLightItRegular.ttf in Resources */ = {isa = PBXBuildFile; fileRef = 6526E27C85154AF1960374E1 /* BiennaleUltraLightItRegular.ttf */; };
		CD844C987C884C128EFB0CA0 /* BiennaleUltraLightRegular.ttf in Resources */ = {isa = PBXBuildFile; fileRef = 4FF90D916AF84694867C2165 /* BiennaleUltraLightRegular.ttf */; };
/* End PBXBuildFile section */

/* Begin PBXFileReference section */
		13B07F961A680F5B00A75B9A /* MyApp.app */ = {isa = PBXFileReference; explicitFileType = wrapper.application; includeInIndex = 0; path = MyApp.app; sourceTree = BUILT_PRODUCTS_DIR; };
		13B07FB51A68108700A75B9A /* Images.xcassets */ = {isa = PBXFileReference; lastKnownFileType = folder.assetcatalog; name = Images.xcassets; path = MyApp/Images.xcassets; sourceTree = "<group>"; };
		13B07FB61A68108700A75B9A /* Info.plist */ = {isa = PBXFileReference; fileEncoding = 4; lastKnownFileType = text.plist.xml; name = Info.plist; path = MyApp/Info.plist; sourceTree = "<group>"; };
		13B07FB81A68108700A75B9A /* PrivacyInfo.xcprivacy */ = {isa = PBXFileReference; fileEncoding = 4; lastKnownFileType = text.plist.xml; name = PrivacyInfo.xcprivacy; path = MyApp/PrivacyInfo.xcprivacy; sourceTree = "<group>"; };
		3B4392A12AC88292D35C810B /* Pods-MyApp.debug.xcconfig */ = {isa = PBXFileReference; includeInIndex = 1; lastKnownFileType = text.xcconfig; name = "Pods-MyApp.debug.xcconfig"; path = "Target Support Files/Pods-MyApp/Pods-MyApp.debug.xcconfig"; sourceTree = "<group>"; };
		5709B34CF0A7D63546082F79 /* Pods-MyApp.release.xcconfig */ = {isa = PBXFileReference; includeInIndex = 1; lastKnownFileType = text.xcconfig; name = "Pods-MyApp.release.xcconfig"; path = "Target Support Files/Pods-MyApp/Pods-MyApp.release.xcconfig"; sourceTree = "<group>"; };
		5DCACB8F33CDC322A6C60F78 /* libPods-MyApp.a */ = {isa = PBXFileReference; explicitFileType = archive.ar; includeInIndex = 0; path = "libPods-MyApp.a"; sourceTree = BUILT_PRODUCTS_DIR; };
		761780EC2CA45674006654EE /* AppDelegate.swift */ = {isa = PBXFileReference; lastKnownFileType = sourcecode.swift; name = AppDelegate.swift; path = MyApp/AppDelegate.swift; sourceTree = "<group>"; };
		81AB9BB72411601600AC10FF /* LaunchScreen.storyboard */ = {isa = PBXFileReference; fileEncoding = 4; lastKnownFileType = file.storyboard; name = LaunchScreen.storyboard; path = MyApp/LaunchScreen.storyboard; sourceTree = "<group>"; };
		ED297162215061F000B7C4FE /* JavaScriptCore.framework */ = {isa = PBXFileReference; lastKnownFileType = wrapper.framework; name = JavaScriptCore.framework; path = System/Library/Frameworks/JavaScriptCore.framework; sourceTree = SDKROOT; };
		164D26BB1E574E3C8C7C824C /* BootSplash.storyboard */ = {isa = PBXFileReference; name = "BootSplash.storyboard"; path = "MyApp/BootSplash.storyboard"; sourceTree = "<group>"; fileEncoding = undefined; lastKnownFileType = unknown; explicitFileType = undefined; includeInIndex = 0; };
		BBBDAFABB24B416CA42BA60B /* Colors.xcassets */ = {isa = PBXFileReference; name = "Colors.xcassets"; path = "MyApp/Colors.xcassets"; sourceTree = "<group>"; fileEncoding = undefined; lastKnownFileType = folder.assetcatalog; explicitFileType = undefined; includeInIndex = 0; };
		4C678981720B4A34922B1A3D /* BiennaleBlackItRegular.ttf */ = {isa = PBXFileReference; name = "BiennaleBlackItRegular.ttf"; path = "../assets/fonts/BiennaleBlackItRegular.ttf"; sourceTree = "<group>"; fileEncoding = undefined; lastKnownFileType = unknown; explicitFileType = undefined; includeInIndex = 0; };
		1D4E43D8D0E7495491654803 /* BiennaleBlackRegular.ttf */ = {isa = PBXFileReference; name = "BiennaleBlackRegular.ttf"; path = "../assets/fonts/BiennaleBlackRegular.ttf"; sourceTree = "<group>"; fileEncoding = undefined; lastKnownFileType = unknown; explicitFileType = undefined; includeInIndex = 0; };
		F60F27AE21F44D0A9750D1F0 /* BiennaleBoldItRegular.ttf */ = {isa = PBXFileReference; name = "BiennaleBoldItRegular.ttf"; path = "../assets/fonts/BiennaleBoldItRegular.ttf"; sourceTree = "<group>"; fileEncoding = undefined; lastKnownFileType = unknown; explicitFileType = undefined; includeInIndex = 0; };
		0028C60B18BC44C9B34C3A7F /* BiennaleBoldRegular.ttf */ = {isa = PBXFileReference; name = "BiennaleBoldRegular.ttf"; path = "../assets/fonts/BiennaleBoldRegular.ttf"; sourceTree = "<group>"; fileEncoding = undefined; lastKnownFileType = unknown; explicitFileType = undefined; includeInIndex = 0; };
		7E8E2588BE394C19BF67CE1D /* BiennaleBookItRegular.ttf */ = {isa = PBXFileReference; name = "BiennaleBookItRegular.ttf"; path = "../assets/fonts/BiennaleBookItRegular.ttf"; sourceTree = "<group>"; fileEncoding = undefined; lastKnownFileType = unknown; explicitFileType = undefined; includeInIndex = 0; };
		C3D979E5BC0645B8A52AF456 /* BiennaleBookRegular.ttf */ = {isa = PBXFileReference; name = "BiennaleBookRegular.ttf"; path = "../assets/fonts/BiennaleBookRegular.ttf"; sourceTree = "<group>"; fileEncoding = undefined; lastKnownFileType = unknown; explicitFileType = undefined; includeInIndex = 0; };
		8F0DCE2455064D5ABE54FF9C /* BiennaleHairItRegular.ttf */ = {isa = PBXFileReference; name = "BiennaleHairItRegular.ttf"; path = "../assets/fonts/BiennaleHairItRegular.ttf"; sourceTree = "<group>"; fileEncoding = undefined; lastKnownFileType = unknown; explicitFileType = undefined; includeInIndex = 0; };
		CC9ECE7A240446CF8FA3F265 /* BiennaleHairRegular.ttf */ = {isa = PBXFileReference; name = "BiennaleHairRegular.ttf"; path = "../assets/fonts/BiennaleHairRegular.ttf"; sourceTree = "<group>"; fileEncoding = undefined; lastKnownFileType = unknown; explicitFileType = undefined; includeInIndex = 0; };
		144D534FB836440BA99D21A4 /* BiennaleHeavyItRegular.ttf */ = {isa = PBXFileReference; name = "BiennaleHeavyItRegular.ttf"; path = "../assets/fonts/BiennaleHeavyItRegular.ttf"; sourceTree = "<group>"; fileEncoding = undefined; lastKnownFileType = unknown; explicitFileType = undefined; includeInIndex = 0; };
		B410B3D458C248DE9D9890C6 /* BiennaleHeavyRegular.ttf */ = {isa = PBXFileReference; name = "BiennaleHeavyRegular.ttf"; path = "../assets/fonts/BiennaleHeavyRegular.ttf"; sourceTree = "<group>"; fileEncoding = undefined; lastKnownFileType = unknown; explicitFileType = undefined; includeInIndex = 0; };
		F3ADAFE8C0FA452AA57EB809 /* BiennaleItRegular.ttf */ = {isa = PBXFileReference; name = "BiennaleItRegular.ttf"; path = "../assets/fonts/BiennaleItRegular.ttf"; sourceTree = "<group>"; fileEncoding = undefined; lastKnownFileType = unknown; explicitFileType = undefined; includeInIndex = 0; };
		9DC541239D39432596AF2EB7 /* BiennaleLightItRegular.ttf */ = {isa = PBXFileReference; name = "BiennaleLightItRegular.ttf"; path = "../assets/fonts/BiennaleLightItRegular.ttf"; sourceTree = "<group>"; fileEncoding = undefined; lastKnownFileType = unknown; explicitFileType = undefined; includeInIndex = 0; };
		19109A16273642E580016DEB /* BiennaleLightRegular.ttf */ = {isa = PBXFileReference; name = "BiennaleLightRegular.ttf"; path = "../assets/fonts/BiennaleLightRegular.ttf"; sourceTree = "<group>"; fileEncoding = undefined; lastKnownFileType = unknown; explicitFileType = undefined; includeInIndex = 0; };
		AAED8C73C21D4B5693502783 /* BiennaleMediumItRegular.ttf */ = {isa = PBXFileReference; name = "BiennaleMediumItRegular.ttf"; path = "../assets/fonts/BiennaleMediumItRegular.ttf"; sourceTree = "<group>"; fileEncoding = undefined; lastKnownFileType = unknown; explicitFileType = undefined; includeInIndex = 0; };
		E4E6D4C099A04640835D676C /* BiennaleMediumRegular.ttf */ = {isa = PBXFileReference; name = "BiennaleMediumRegular.ttf"; path = "../assets/fonts/BiennaleMediumRegular.ttf"; sourceTree = "<group>"; fileEncoding = undefined; lastKnownFileType = unknown; explicitFileType = undefined; includeInIndex = 0; };
		17C3D652B5944653B40BB150 /* BiennaleRegular.ttf */ = {isa = PBXFileReference; name = "BiennaleRegular.ttf"; path = "../assets/fonts/BiennaleRegular.ttf"; sourceTree = "<group>"; fileEncoding = undefined; lastKnownFileType = unknown; explicitFileType = undefined; includeInIndex = 0; };
		0FF5BEF4B43142A194697F4A /* BiennaleSemiBoldItRegular.ttf */ = {isa = PBXFileReference; name = "BiennaleSemiBoldItRegular.ttf"; path = "../assets/fonts/BiennaleSemiBoldItRegular.ttf"; sourceTree = "<group>"; fileEncoding = undefined; lastKnownFileType = unknown; explicitFileType = undefined; includeInIndex = 0; };
		6C632812C44F45F8850D0AE5 /* BiennaleSemiBoldRegular.ttf */ = {isa = PBXFileReference; name = "BiennaleSemiBoldRegular.ttf"; path = "../assets/fonts/BiennaleSemiBoldRegular.ttf"; sourceTree = "<group>"; fileEncoding = undefined; lastKnownFileType = unknown; explicitFileType = undefined; includeInIndex = 0; };
		CDCBEB1EA06F4FE198D52FFA /* BiennaleThinItRegular.ttf */ = {isa = PBXFileReference; name = "BiennaleThinItRegular.ttf"; path = "../assets/fonts/BiennaleThinItRegular.ttf"; sourceTree = "<group>"; fileEncoding = undefined; lastKnownFileType = unknown; explicitFileType = undefined; includeInIndex = 0; };
		0C6B714B4E164DDAB7B2500D /* BiennaleThinRegular.ttf */ = {isa = PBXFileReference; name = "BiennaleThinRegular.ttf"; path = "../assets/fonts/BiennaleThinRegular.ttf"; sourceTree = "<group>"; fileEncoding = undefined; lastKnownFileType = unknown; explicitFileType = undefined; includeInIndex = 0; };
		6526E27C85154AF1960374E1 /* BiennaleUltraLightItRegular.ttf */ = {isa = PBXFileReference; name = "BiennaleUltraLightItRegular.ttf"; path = "../assets/fonts/BiennaleUltraLightItRegular.ttf"; sourceTree = "<group>"; fileEncoding = undefined; lastKnownFileType = unknown; explicitFileType = undefined; includeInIndex = 0; };
		4FF90D916AF84694867C2165 /* BiennaleUltraLightRegular.ttf */ = {isa = PBXFileReference; name = "BiennaleUltraLightRegular.ttf"; path = "../assets/fonts/BiennaleUltraLightRegular.ttf"; sourceTree = "<group>"; fileEncoding = undefined; lastKnownFileType = unknown; explicitFileType = undefined; includeInIndex = 0; };
/* End PBXFileReference section */

/* Begin PBXFrameworksBuildPhase section */
		13B07F8C1A680F5B00A75B9A /* Frameworks */ = {
			isa = PBXFrameworksBuildPhase;
			buildActionMask = 2147483647;
			files = (
				0C80B921A6F3F58F76C31292 /* libPods-MyApp.a in Frameworks */,
			);
			runOnlyForDeploymentPostprocessing = 0;
		};
/* End PBXFrameworksBuildPhase section */

/* Begin PBXGroup section */
		13B07FAE1A68108700A75B9A /* MyApp */ = {
			isa = PBXGroup;
			children = (
				13B07FB51A68108700A75B9A /* Images.xcassets */,
				761780EC2CA45674006654EE /* AppDelegate.swift */,
				13B07FB61A68108700A75B9A /* Info.plist */,
				81AB9BB72411601600AC10FF /* LaunchScreen.storyboard */,
				13B07FB81A68108700A75B9A /* PrivacyInfo.xcprivacy */,
				164D26BB1E574E3C8C7C824C /* BootSplash.storyboard */,
				BBBDAFABB24B416CA42BA60B /* Colors.xcassets */,
			);
			name = MyApp;
			sourceTree = "<group>";
		};
		2D16E6871FA4F8E400B85C8A /* Frameworks */ = {
			isa = PBXGroup;
			children = (
				ED297162215061F000B7C4FE /* JavaScriptCore.framework */,
				5DCACB8F33CDC322A6C60F78 /* libPods-MyApp.a */,
			);
			name = Frameworks;
			sourceTree = "<group>";
		};
		832341AE1AAA6A7D00B99B32 /* Libraries */ = {
			isa = PBXGroup;
			children = (
			);
			name = Libraries;
			sourceTree = "<group>";
		};
		83CBB9F61A601CBA00E9B192 = {
			isa = PBXGroup;
			children = (
				13B07FAE1A68108700A75B9A /* MyApp */,
				832341AE1AAA6A7D00B99B32 /* Libraries */,
				83CBBA001A601CBA00E9B192 /* Products */,
				2D16E6871FA4F8E400B85C8A /* Frameworks */,
				BBD78D7AC51CEA395F1C20DB /* Pods */,
				FC3228DB6CA54D979955C085 /* Resources */,
			);
			indentWidth = 2;
			sourceTree = "<group>";
			tabWidth = 2;
			usesTabs = 0;
		};
		83CBBA001A601CBA00E9B192 /* Products */ = {
			isa = PBXGroup;
			children = (
				13B07F961A680F5B00A75B9A /* MyApp.app */,
			);
			name = Products;
			sourceTree = "<group>";
		};
		BBD78D7AC51CEA395F1C20DB /* Pods */ = {
			isa = PBXGroup;
			children = (
				3B4392A12AC88292D35C810B /* Pods-MyApp.debug.xcconfig */,
				5709B34CF0A7D63546082F79 /* Pods-MyApp.release.xcconfig */,
			);
			path = Pods;
			sourceTree = "<group>";
		};
		FC3228DB6CA54D979955C085 /* Resources */ = {
			isa = "PBXGroup";
			children = (
				4C678981720B4A34922B1A3D /* BiennaleBlackItRegular.ttf */,
				1D4E43D8D0E7495491654803 /* BiennaleBlackRegular.ttf */,
				F60F27AE21F44D0A9750D1F0 /* BiennaleBoldItRegular.ttf */,
				0028C60B18BC44C9B34C3A7F /* BiennaleBoldRegular.ttf */,
				7E8E2588BE394C19BF67CE1D /* BiennaleBookItRegular.ttf */,
				C3D979E5BC0645B8A52AF456 /* BiennaleBookRegular.ttf */,
				8F0DCE2455064D5ABE54FF9C /* BiennaleHairItRegular.ttf */,
				CC9ECE7A240446CF8FA3F265 /* BiennaleHairRegular.ttf */,
				144D534FB836440BA99D21A4 /* BiennaleHeavyItRegular.ttf */,
				B410B3D458C248DE9D9890C6 /* BiennaleHeavyRegular.ttf */,
				F3ADAFE8C0FA452AA57EB809 /* BiennaleItRegular.ttf */,
				9DC541239D39432596AF2EB7 /* BiennaleLightItRegular.ttf */,
				19109A16273642E580016DEB /* BiennaleLightRegular.ttf */,
				AAED8C73C21D4B5693502783 /* BiennaleMediumItRegular.ttf */,
				E4E6D4C099A04640835D676C /* BiennaleMediumRegular.ttf */,
				17C3D652B5944653B40BB150 /* BiennaleRegular.ttf */,
				0FF5BEF4B43142A194697F4A /* BiennaleSemiBoldItRegular.ttf */,
				6C632812C44F45F8850D0AE5 /* BiennaleSemiBoldRegular.ttf */,
				CDCBEB1EA06F4FE198D52FFA /* BiennaleThinItRegular.ttf */,
				0C6B714B4E164DDAB7B2500D /* BiennaleThinRegular.ttf */,
				6526E27C85154AF1960374E1 /* BiennaleUltraLightItRegular.ttf */,
				4FF90D916AF84694867C2165 /* BiennaleUltraLightRegular.ttf */,
			);
			name = Resources;
			sourceTree = "<group>";
			path = "";
		};
/* End PBXGroup section */

/* Begin PBXNativeTarget section */
		13B07F861A680F5B00A75B9A /* MyApp */ = {
			isa = PBXNativeTarget;
			buildConfigurationList = 13B07F931A680F5B00A75B9A /* Build configuration list for PBXNativeTarget "MyApp" */;
			buildPhases = (
				C38B50BA6285516D6DCD4F65 /* [CP] Check Pods Manifest.lock */,
				13B07F871A680F5B00A75B9A /* Sources */,
				13B07F8C1A680F5B00A75B9A /* Frameworks */,
				13B07F8E1A680F5B00A75B9A /* Resources */,
				00DD1BFF1BD5951E006B06BC /* Bundle React Native code and images */,
				00EEFC60759A1932668264C0 /* [CP] Embed Pods Frameworks */,
				E235C05ADACE081382539298 /* [CP] Copy Pods Resources */,
			);
			buildRules = (
			);
			dependencies = (
			);
			name = MyApp;
			productName = MyApp;
			productReference = 13B07F961A680F5B00A75B9A /* MyApp.app */;
			productType = "com.apple.product-type.application";
		};
/* End PBXNativeTarget section */

/* Begin PBXProject section */
		83CBB9F71A601CBA00E9B192 /* Project object */ = {
			isa = PBXProject;
			attributes = {
				LastUpgradeCheck = 1210;
				TargetAttributes = {
					13B07F861A680F5B00A75B9A = {
						LastSwiftMigration = 1120;
					};
				};
			};
			buildConfigurationList = 83CBB9FA1A601CBA00E9B192 /* Build configuration list for PBXProject "MyApp" */;
			compatibilityVersion = "Xcode 12.0";
			developmentRegion = en;
			hasScannedForEncodings = 0;
			knownRegions = (
				en,
				Base,
			);
			mainGroup = 83CBB9F61A601CBA00E9B192;
			productRefGroup = 83CBBA001A601CBA00E9B192 /* Products */;
			projectDirPath = "";
			projectRoot = "";
			targets = (
				13B07F861A680F5B00A75B9A /* MyApp */,
			);
		};
/* End PBXProject section */

/* Begin PBXResourcesBuildPhase section */
		13B07F8E1A680F5B00A75B9A /* Resources */ = {
			isa = PBXResourcesBuildPhase;
			buildActionMask = 2147483647;
			files = (
				81AB9BB82411601600AC10FF /* LaunchScreen.storyboard in Resources */,
				13B07FBF1A68108700A75B9A /* Images.xcassets in Resources */,
				1AA47D631C904BBE9D12F666 /* BootSplash.storyboard in Resources */,
				9211CCE83E3B4F59BF2B1E05 /* Colors.xcassets in Resources */,
				3F265E7FC5E34D0988B9D651 /* BiennaleBlackItRegular.ttf in Resources */,
				1062EF9BB1FC4BDC88EB41A1 /* BiennaleBlackRegular.ttf in Resources */,
				95A4F8BEF379406B9242C6C9 /* BiennaleBoldItRegular.ttf in Resources */,
				8810AF315CFE44989C3B11D9 /* BiennaleBoldRegular.ttf in Resources */,
				85B9450625D54B9ABCDC8843 /* BiennaleBookItRegular.ttf in Resources */,
				238B3E98B880449F90951925 /* BiennaleBookRegular.ttf in Resources */,
				537175512ACE4EFFB9F538E6 /* BiennaleHairItRegular.ttf in Resources */,
				4ABABBA3BB9A4EAB8371FA4D /* BiennaleHairRegular.ttf in Resources */,
				40232A378E5144269CD60C1A /* BiennaleHeavyItRegular.ttf in Resources */,
				79D855116B0B4332ADF5675F /* BiennaleHeavyRegular.ttf in Resources */,
				6D9C663D684C486987B94EE4 /* BiennaleItRegular.ttf in Resources */,
				1E2E0D70BA8746888A9BC2DE /* BiennaleLightItRegular.ttf in Resources */,
				C7E8E6930BF84D13BCE7194D /* BiennaleLightRegular.ttf in Resources */,
				852F8D0D9E7B4BBA9D1EC45C /* BiennaleMediumItRegular.ttf in Resources */,
				065D4AE65D394BA99BE3D58D /* BiennaleMediumRegular.ttf in Resources */,
				8C443F7B20FE4913BD80A4B9 /* BiennaleRegular.ttf in Resources */,
				C1CF8B896BA446A38354AE4F /* BiennaleSemiBoldItRegular.ttf in Resources */,
				7A3701A66F954700940F947F /* BiennaleSemiBoldRegular.ttf in Resources */,
				48A6DACDA850419AB11B0FBE /* BiennaleThinItRegular.ttf in Resources */,
				1FB0A3A52BB74A65A3A09151 /* BiennaleThinRegular.ttf in Resources */,
				F6639412153C4A3E8F59872A /* BiennaleUltraLightItRegular.ttf in Resources */,
				CD844C987C884C128EFB0CA0 /* BiennaleUltraLightRegular.ttf in Resources */,
			);
			runOnlyForDeploymentPostprocessing = 0;
		};
/* End PBXResourcesBuildPhase section */

/* Begin PBXShellScriptBuildPhase section */
		00DD1BFF1BD5951E006B06BC /* Bundle React Native code and images */ = {
			isa = PBXShellScriptBuildPhase;
			buildActionMask = 2147483647;
			files = (
			);
			inputPaths = (
				"$(SRCROOT)/.xcode.env.local",
				"$(SRCROOT)/.xcode.env",
			);
			name = "Bundle React Native code and images";
			outputPaths = (
			);
			runOnlyForDeploymentPostprocessing = 0;
			shellPath = /bin/sh;
			shellScript = "set -e\n\nWITH_ENVIRONMENT=\"$REACT_NATIVE_PATH/scripts/xcode/with-environment.sh\"\nREACT_NATIVE_XCODE=\"$REACT_NATIVE_PATH/scripts/react-native-xcode.sh\"\n\n/bin/sh -c \"$WITH_ENVIRONMENT $REACT_NATIVE_XCODE\"\n";
		};
		00EEFC60759A1932668264C0 /* [CP] Embed Pods Frameworks */ = {
			isa = PBXShellScriptBuildPhase;
			buildActionMask = 2147483647;
			files = (
			);
			inputFileListPaths = (
				"${PODS_ROOT}/Target Support Files/Pods-MyApp/Pods-MyApp-frameworks-${CONFIGURATION}-input-files.xcfilelist",
			);
			name = "[CP] Embed Pods Frameworks";
			outputFileListPaths = (
				"${PODS_ROOT}/Target Support Files/Pods-MyApp/Pods-MyApp-frameworks-${CONFIGURATION}-output-files.xcfilelist",
			);
			runOnlyForDeploymentPostprocessing = 0;
			shellPath = /bin/sh;
			shellScript = "\"${PODS_ROOT}/Target Support Files/Pods-MyApp/Pods-MyApp-frameworks.sh\"\n";
			showEnvVarsInLog = 0;
		};
		C38B50BA6285516D6DCD4F65 /* [CP] Check Pods Manifest.lock */ = {
			isa = PBXShellScriptBuildPhase;
			buildActionMask = 2147483647;
			files = (
			);
			inputFileListPaths = (
			);
			inputPaths = (
				"${PODS_PODFILE_DIR_PATH}/Podfile.lock",
				"${PODS_ROOT}/Manifest.lock",
			);
			name = "[CP] Check Pods Manifest.lock";
			outputFileListPaths = (
			);
			outputPaths = (
				"$(DERIVED_FILE_DIR)/Pods-MyApp-checkManifestLockResult.txt",
			);
			runOnlyForDeploymentPostprocessing = 0;
			shellPath = /bin/sh;
			shellScript = "diff \"${PODS_PODFILE_DIR_PATH}/Podfile.lock\" \"${PODS_ROOT}/Manifest.lock\" > /dev/null\nif [ $? != 0 ] ; then\n    # print error to STDERR\n    echo \"error: The sandbox is not in sync with the Podfile.lock. Run 'pod install' or update your CocoaPods installation.\" >&2\n    exit 1\nfi\n# This output is used by Xcode 'outputs' to avoid re-running this script phase.\necho \"SUCCESS\" > \"${SCRIPT_OUTPUT_FILE_0}\"\n";
			showEnvVarsInLog = 0;
		};
		E235C05ADACE081382539298 /* [CP] Copy Pods Resources */ = {
			isa = PBXShellScriptBuildPhase;
			buildActionMask = 2147483647;
			files = (
			);
			inputFileListPaths = (
				"${PODS_ROOT}/Target Support Files/Pods-MyApp/Pods-MyApp-resources-${CONFIGURATION}-input-files.xcfilelist",
			);
			name = "[CP] Copy Pods Resources";
			outputFileListPaths = (
				"${PODS_ROOT}/Target Support Files/Pods-MyApp/Pods-MyApp-resources-${CONFIGURATION}-output-files.xcfilelist",
			);
			runOnlyForDeploymentPostprocessing = 0;
			shellPath = /bin/sh;
			shellScript = "\"${PODS_ROOT}/Target Support Files/Pods-MyApp/Pods-MyApp-resources.sh\"\n";
			showEnvVarsInLog = 0;
		};
/* End PBXShellScriptBuildPhase section */

/* Begin PBXSourcesBuildPhase section */
		13B07F871A680F5B00A75B9A /* Sources */ = {
			isa = PBXSourcesBuildPhase;
			buildActionMask = 2147483647;
			files = (
				761780ED2CA45674006654EE /* AppDelegate.swift in Sources */,
			);
			runOnlyForDeploymentPostprocessing = 0;
		};
/* End PBXSourcesBuildPhase section */

/* Begin XCBuildConfiguration section */
		13B07F941A680F5B00A75B9A /* Debug */ = {
			isa = XCBuildConfiguration;
			baseConfigurationReference = 3B4392A12AC88292D35C810B /* Pods-MyApp.debug.xcconfig */;
			buildSettings = {
				ASSETCATALOG_COMPILER_APPICON_NAME = AppIcon;
				CLANG_ENABLE_MODULES = YES;
				CURRENT_PROJECT_VERSION = 1;
				ENABLE_BITCODE = NO;
				INFOPLIST_FILE = MyApp/Info.plist;
				IPHONEOS_DEPLOYMENT_TARGET = 15.1;
				LD_RUNPATH_SEARCH_PATHS = (
					"$(inherited)",
					"@executable_path/Frameworks",
				);
				MARKETING_VERSION = 1.0;
				OTHER_LDFLAGS = (
					"$(inherited)",
					"-ObjC",
					"-lc++",
				);
				PRODUCT_BUNDLE_IDENTIFIER = "org.reactjs.native.example.$(PRODUCT_NAME:rfc1034identifier)";
				PRODUCT_NAME = MyApp;
				SWIFT_OPTIMIZATION_LEVEL = "-Onone";
				SWIFT_VERSION = 5.0;
				VERSIONING_SYSTEM = "apple-generic";
			};
			name = Debug;
		};
		13B07F951A680F5B00A75B9A /* Release */ = {
			isa = XCBuildConfiguration;
			baseConfigurationReference = 5709B34CF0A7D63546082F79 /* Pods-MyApp.release.xcconfig */;
			buildSettings = {
				ASSETCATALOG_COMPILER_APPICON_NAME = AppIcon;
				CLANG_ENABLE_MODULES = YES;
				CURRENT_PROJECT_VERSION = 1;
				INFOPLIST_FILE = MyApp/Info.plist;
				IPHONEOS_DEPLOYMENT_TARGET = 15.1;
				LD_RUNPATH_SEARCH_PATHS = (
					"$(inherited)",
					"@executable_path/Frameworks",
				);
				MARKETING_VERSION = 1.0;
				OTHER_LDFLAGS = (
					"$(inherited)",
					"-ObjC",
					"-lc++",
				);
				PRODUCT_BUNDLE_IDENTIFIER = "org.reactjs.native.example.$(PRODUCT_NAME:rfc1034identifier)";
				PRODUCT_NAME = MyApp;
				SWIFT_VERSION = 5.0;
				VERSIONING_SYSTEM = "apple-generic";
			};
			name = Release;
		};
		83CBBA201A601CBA00E9B192 /* Debug */ = {
			isa = XCBuildConfiguration;
			buildSettings = {
				ALWAYS_SEARCH_USER_PATHS = NO;
				CLANG_ANALYZER_LOCALIZABILITY_NONLOCALIZED = YES;
				CLANG_CXX_LANGUAGE_STANDARD = "c++20";
				CLANG_CXX_LIBRARY = "libc++";
				CLANG_ENABLE_MODULES = YES;
				CLANG_ENABLE_OBJC_ARC = YES;
				CLANG_WARN_BLOCK_CAPTURE_AUTORELEASING = YES;
				CLANG_WARN_BOOL_CONVERSION = YES;
				CLANG_WARN_COMMA = YES;
				CLANG_WARN_CONSTANT_CONVERSION = YES;
				CLANG_WARN_DEPRECATED_OBJC_IMPLEMENTATIONS = YES;
				CLANG_WARN_DIRECT_OBJC_ISA_USAGE = YES_ERROR;
				CLANG_WARN_EMPTY_BODY = YES;
				CLANG_WARN_ENUM_CONVERSION = YES;
				CLANG_WARN_INFINITE_RECURSION = YES;
				CLANG_WARN_INT_CONVERSION = YES;
				CLANG_WARN_NON_LITERAL_NULL_CONVERSION = YES;
				CLANG_WARN_OBJC_IMPLICIT_RETAIN_SELF = YES;
				CLANG_WARN_OBJC_LITERAL_CONVERSION = YES;
				CLANG_WARN_OBJC_ROOT_CLASS = YES_ERROR;
				CLANG_WARN_QUOTED_INCLUDE_IN_FRAMEWORK_HEADER = YES;
				CLANG_WARN_RANGE_LOOP_ANALYSIS = YES;
				CLANG_WARN_STRICT_PROTOTYPES = YES;
				CLANG_WARN_SUSPICIOUS_MOVE = YES;
				CLANG_WARN_UNREACHABLE_CODE = YES;
				CLANG_WARN__DUPLICATE_METHOD_MATCH = YES;
				"CODE_SIGN_IDENTITY[sdk=iphoneos*]" = "iPhone Developer";
				COPY_PHASE_STRIP = NO;
				ENABLE_STRICT_OBJC_MSGSEND = YES;
				ENABLE_TESTABILITY = YES;
				"EXCLUDED_ARCHS[sdk=iphonesimulator*]" = "";
				GCC_C_LANGUAGE_STANDARD = gnu99;
				GCC_DYNAMIC_NO_PIC = NO;
				GCC_NO_COMMON_BLOCKS = YES;
				GCC_OPTIMIZATION_LEVEL = 0;
				GCC_PREPROCESSOR_DEFINITIONS = (
					"DEBUG=1",
					"$(inherited)",
				);
				GCC_SYMBOLS_PRIVATE_EXTERN = NO;
				GCC_WARN_64_TO_32_BIT_CONVERSION = YES;
				GCC_WARN_ABOUT_RETURN_TYPE = YES_ERROR;
				GCC_WARN_UNDECLARED_SELECTOR = YES;
				GCC_WARN_UNINITIALIZED_AUTOS = YES_AGGRESSIVE;
				GCC_WARN_UNUSED_FUNCTION = YES;
				GCC_WARN_UNUSED_VARIABLE = YES;
				IPHONEOS_DEPLOYMENT_TARGET = 15.1;
				LD_RUNPATH_SEARCH_PATHS = (
					/usr/lib/swift,
					"$(inherited)",
				);
				LIBRARY_SEARCH_PATHS = (
					"\"$(SDKROOT)/usr/lib/swift\"",
					"\"$(TOOLCHAIN_DIR)/usr/lib/swift/$(PLATFORM_NAME)\"",
					"\"$(inherited)\"",
				);
				MTL_ENABLE_DEBUG_INFO = YES;
				ONLY_ACTIVE_ARCH = YES;
				OTHER_CPLUSPLUSFLAGS = (
					"$(OTHER_CFLAGS)",
					"-DFOLLY_NO_CONFIG",
					"-DFOLLY_MOBILE=1",
					"-DFOLLY_USE_LIBCPP=1",
					"-DFOLLY_CFG_NO_COROUTINES=1",
					"-DFOLLY_HAVE_CLOCK_GETTIME=1",
				);
				SDKROOT = iphoneos;
			};
			name = Debug;
		};
		83CBBA211A601CBA00E9B192 /* Release */ = {
			isa = XCBuildConfiguration;
			buildSettings = {
				ALWAYS_SEARCH_USER_PATHS = NO;
				CLANG_ANALYZER_LOCALIZABILITY_NONLOCALIZED = YES;
				CLANG_CXX_LANGUAGE_STANDARD = "c++20";
				CLANG_CXX_LIBRARY = "libc++";
				CLANG_ENABLE_MODULES = YES;
				CLANG_ENABLE_OBJC_ARC = YES;
				CLANG_WARN_BLOCK_CAPTURE_AUTORELEASING = YES;
				CLANG_WARN_BOOL_CONVERSION = YES;
				CLANG_WARN_COMMA = YES;
				CLANG_WARN_CONSTANT_CONVERSION = YES;
				CLANG_WARN_DEPRECATED_OBJC_IMPLEMENTATIONS = YES;
				CLANG_WARN_DIRECT_OBJC_ISA_USAGE = YES_ERROR;
				CLANG_WARN_EMPTY_BODY = YES;
				CLANG_WARN_ENUM_CONVERSION = YES;
				CLANG_WARN_INFINITE_RECURSION = YES;
				CLANG_WARN_INT_CONVERSION = YES;
				CLANG_WARN_NON_LITERAL_NULL_CONVERSION = YES;
				CLANG_WARN_OBJC_IMPLICIT_RETAIN_SELF = YES;
				CLANG_WARN_OBJC_LITERAL_CONVERSION = YES;
				CLANG_WARN_OBJC_ROOT_CLASS = YES_ERROR;
				CLANG_WARN_QUOTED_INCLUDE_IN_FRAMEWORK_HEADER = YES;
				CLANG_WARN_RANGE_LOOP_ANALYSIS = YES;
				CLANG_WARN_STRICT_PROTOTYPES = YES;
				CLANG_WARN_SUSPICIOUS_MOVE = YES;
				CLANG_WARN_UNREACHABLE_CODE = YES;
				CLANG_WARN__DUPLICATE_METHOD_MATCH = YES;
				"CODE_SIGN_IDENTITY[sdk=iphoneos*]" = "iPhone Developer";
				COPY_PHASE_STRIP = YES;
				ENABLE_NS_ASSERTIONS = NO;
				ENABLE_STRICT_OBJC_MSGSEND = YES;
				"EXCLUDED_ARCHS[sdk=iphonesimulator*]" = "";
				GCC_C_LANGUAGE_STANDARD = gnu99;
				GCC_NO_COMMON_BLOCKS = YES;
				GCC_WARN_64_TO_32_BIT_CONVERSION = YES;
				GCC_WARN_ABOUT_RETURN_TYPE = YES_ERROR;
				GCC_WARN_UNDECLARED_SELECTOR = YES;
				GCC_WARN_UNINITIALIZED_AUTOS = YES_AGGRESSIVE;
				GCC_WARN_UNUSED_FUNCTION = YES;
				GCC_WARN_UNUSED_VARIABLE = YES;
				IPHONEOS_DEPLOYMENT_TARGET = 15.1;
				LD_RUNPATH_SEARCH_PATHS = (
					/usr/lib/swift,
					"$(inherited)",
				);
				LIBRARY_SEARCH_PATHS = (
					"\"$(SDKROOT)/usr/lib/swift\"",
					"\"$(TOOLCHAIN_DIR)/usr/lib/swift/$(PLATFORM_NAME)\"",
					"\"$(inherited)\"",
				);
				MTL_ENABLE_DEBUG_INFO = NO;
				OTHER_CPLUSPLUSFLAGS = (
					"$(OTHER_CFLAGS)",
					"-DFOLLY_NO_CONFIG",
					"-DFOLLY_MOBILE=1",
					"-DFOLLY_USE_LIBCPP=1",
					"-DFOLLY_CFG_NO_COROUTINES=1",
					"-DFOLLY_HAVE_CLOCK_GETTIME=1",
				);
				SDKROOT = iphoneos;
				VALIDATE_PRODUCT = YES;
			};
			name = Release;
		};
/* End XCBuildConfiguration section */

/* Begin XCConfigurationList section */
		13B07F931A680F5B00A75B9A /* Build configuration list for PBXNativeTarget "MyApp" */ = {
			isa = XCConfigurationList;
			buildConfigurations = (
				13B07F941A680F5B00A75B9A /* Debug */,
				13B07F951A680F5B00A75B9A /* Release */,
			);
			defaultConfigurationIsVisible = 0;
			defaultConfigurationName = Release;
		};
		83CBB9FA1A601CBA00E9B192 /* Build configuration list for PBXProject "MyApp" */ = {
			isa = XCConfigurationList;
			buildConfigurations = (
				83CBBA201A601CBA00E9B192 /* Debug */,
				83CBBA211A601CBA00E9B192 /* Release */,
			);
			defaultConfigurationIsVisible = 0;
			defaultConfigurationName = Release;
		};
/* End XCConfigurationList section */
	};
	rootObject = 83CBB9F71A601CBA00E9B192 /* Project object */;
}
